
Microsoft Visual Studio Solution File, Format Version 12.00
# Visual Studio Version 17
VisualStudioVersion = 17.11.35327.3
MinimumVisualStudioVersion = 10.0.40219.1
Project("{8BC9CEB8-8B4A-11D0-8D11-00A0C91BC942}") = "day_05", "day_05\day_05.vcxproj", "{D0467DA5-55B9-490B-84E7-68AC8B0984EE}"
EndProject
Global
	GlobalSection(SolutionConfigurationPlatforms) = preSolution
		Debug|x64 = Debug|x64
		Debug|x86 = Debug|x86
		Release|x64 = Release|x64
		Release|x86 = Release|x86
	EndGlobalSection
	GlobalSection(ProjectConfigurationPlatforms) = postSolution
		{D0467DA5-55B9-490B-84E7-68AC8B0984EE}.Debug|x64.ActiveCfg = Debug|x64
		{D0467DA5-55B9-490B-84E7-68AC8B0984EE}.Debug|x64.Build.0 = Debug|x64
		{D0467DA5-55B9-490B-84E7-68AC8B0984EE}.Debug|x86.ActiveCfg = Debug|Win32
		{D0467DA5-55B9-490B-84E7-68AC8B0984EE}.Debug|x86.Build.0 = Debug|Win32
		{D0467DA5-55B9-490B-84E7-68AC8B0984EE}.Release|x64.ActiveCfg = Release|x64
		{D0467DA5-55B9-490B-84E7-68AC8B0984EE}.Release|x64.Build.0 = Release|x64
		{D0467DA5-55B9-490B-84E7-68AC8B0984EE}.Release|x86.ActiveCfg = Release|Win32
		{D0467DA5-55B9-490B-84E7-68AC8B0984EE}.Release|x86.Build.0 = Release|Win32
	EndGlobalSection
	GlobalSection(SolutionProperties) = preSolution
		HideSolutionNode = FALSE
	EndGlobalSection
	GlobalSection(ExtensibilityGlobals) = postSolution
		SolutionGuid = {B70EB52E-D1BE-46B4-B761-894E94B335E6}
	EndGlobalSection
EndGlobal
