
Microsoft Visual Studio Solution File, Format Version 12.00
# Visual Studio Version 17
VisualStudioVersion = 17.11.35327.3
MinimumVisualStudioVersion = 10.0.40219.1
Project("{8BC9CEB8-8B4A-11D0-8D11-00A0C91BC942}") = "day_03_2", "day_03_2\day_03_2.vcxproj", "{6947C2FB-1692-4CEB-B463-8F29B813C97E}"
EndProject
Global
	GlobalSection(SolutionConfigurationPlatforms) = preSolution
		Debug|x64 = Debug|x64
		Debug|x86 = Debug|x86
		Release|x64 = Release|x64
		Release|x86 = Release|x86
	EndGlobalSection
	GlobalSection(ProjectConfigurationPlatforms) = postSolution
		{6947C2FB-1692-4CEB-B463-8F29B813C97E}.Debug|x64.ActiveCfg = Debug|x64
		{6947C2FB-1692-4CEB-B463-8F29B813C97E}.Debug|x64.Build.0 = Debug|x64
		{6947C2FB-1692-4CEB-B463-8F29B813C97E}.Debug|x86.ActiveCfg = Debug|Win32
		{6947C2FB-1692-4CEB-B463-8F29B813C97E}.Debug|x86.Build.0 = Debug|Win32
		{6947C2FB-1692-4CEB-B463-8F29B813C97E}.Release|x64.ActiveCfg = Release|x64
		{6947C2FB-1692-4CEB-B463-8F29B813C97E}.Release|x64.Build.0 = Release|x64
		{6947C2FB-1692-4CEB-B463-8F29B813C97E}.Release|x86.ActiveCfg = Release|Win32
		{6947C2FB-1692-4CEB-B463-8F29B813C97E}.Release|x86.Build.0 = Release|Win32
	EndGlobalSection
	GlobalSection(SolutionProperties) = preSolution
		HideSolutionNode = FALSE
	EndGlobalSection
	GlobalSection(ExtensibilityGlobals) = postSolution
		SolutionGuid = {DECBA9E8-6F77-4F87-8897-A133D1B53358}
	EndGlobalSection
EndGlobal
